
Microsoft Visual Studio Solution File, Format Version 12.00
# Visual Studio 14
VisualStudioVersion = 14.0.25420.1
MinimumVisualStudioVersion = 10.0.40219.1
Project("{FAE04EC0-301F-11D3-BF4B-00C04F79EFBC}") = "Firebase.Windows", "Firebase.Windows\Firebase.Windows.csproj", "{3ACD20CE-59C6-46FC-8E16-734F77466DA4}"
EndProject
Project("{FAE04EC0-301F-11D3-BF4B-00C04F79EFBC}") = "Firebase.Windows.Test", "Firebase.Windows.Test\Firebase.Windows.Test.csproj", "{2360DE5C-9BE0-48DF-9307-53499702B7D9}"
EndProject
Global
	GlobalSection(SolutionConfigurationPlatforms) = preSolution
		Debug|Any CPU = Debug|Any CPU
		Release|Any CPU = Release|Any CPU
	EndGlobalSection
	GlobalSection(ProjectConfigurationPlatforms) = postSolution
		{3ACD20CE-59C6-46FC-8E16-734F77466DA4}.Debug|Any CPU.ActiveCfg = Debug|Any CPU
		{3ACD20CE-59C6-46FC-8E16-734F77466DA4}.Debug|Any CPU.Build.0 = Debug|Any CPU
		{3ACD20CE-59C6-46FC-8E16-734F77466DA4}.Release|Any CPU.ActiveCfg = Release|Any CPU
		{3ACD20CE-59C6-46FC-8E16-734F77466DA4}.Release|Any CPU.Build.0 = Release|Any CPU
		{2360DE5C-9BE0-48DF-9307-53499702B7D9}.Debug|Any CPU.ActiveCfg = Debug|Any CPU
		{2360DE5C-9BE0-48DF-9307-53499702B7D9}.Debug|Any CPU.Build.0 = Debug|Any CPU
		{2360DE5C-9BE0-48DF-9307-53499702B7D9}.Release|Any CPU.ActiveCfg = Release|Any CPU
		{2360DE5C-9BE0-48DF-9307-53499702B7D9}.Release|Any CPU.Build.0 = Release|Any CPU
	EndGlobalSection
	GlobalSection(SolutionProperties) = preSolution
		HideSolutionNode = FALSE
	EndGlobalSection
EndGlobal
